
Microsoft Visual Studio Solution File, Format Version 12.00
# Visual Studio Version 16
VisualStudioVersion = 16.0.31321.278
MinimumVisualStudioVersion = 10.0.40219.1
Project("{9A19103F-16F7-4668-BE54-9A1E7A4F7556}") = "ProxyFactoryCore", "ProxyFactoryCore\ProxyFactoryCore.csproj", "{9E54811C-4F19-4FED-BA19-ED649451E75D}"
EndProject
Project("{9A19103F-16F7-4668-BE54-9A1E7A4F7556}") = "ProxyFactoryCore.Tests", "ProxyFactoryCore.Tests\ProxyFactoryCore.Tests.csproj", "{DBDF9115-519C-48BA-B7AC-043B094CC8A3}"
EndProject
Global
	GlobalSection(SolutionConfigurationPlatforms) = preSolution
		Debug|Any CPU = Debug|Any CPU
		Release|Any CPU = Release|Any CPU
	EndGlobalSection
	GlobalSection(ProjectConfigurationPlatforms) = postSolution
		{9E54811C-4F19-4FED-BA19-ED649451E75D}.Debug|Any CPU.ActiveCfg = Debug|Any CPU
		{9E54811C-4F19-4FED-BA19-ED649451E75D}.Debug|Any CPU.Build.0 = Debug|Any CPU
		{9E54811C-4F19-4FED-BA19-ED649451E75D}.Release|Any CPU.ActiveCfg = Release|Any CPU
		{9E54811C-4F19-4FED-BA19-ED649451E75D}.Release|Any CPU.Build.0 = Release|Any CPU
		{DBDF9115-519C-48BA-B7AC-043B094CC8A3}.Debug|Any CPU.ActiveCfg = Debug|Any CPU
		{DBDF9115-519C-48BA-B7AC-043B094CC8A3}.Debug|Any CPU.Build.0 = Debug|Any CPU
		{DBDF9115-519C-48BA-B7AC-043B094CC8A3}.Release|Any CPU.ActiveCfg = Release|Any CPU
		{DBDF9115-519C-48BA-B7AC-043B094CC8A3}.Release|Any CPU.Build.0 = Release|Any CPU
	EndGlobalSection
	GlobalSection(SolutionProperties) = preSolution
		HideSolutionNode = FALSE
	EndGlobalSection
	GlobalSection(ExtensibilityGlobals) = postSolution
		SolutionGuid = {020EDD80-AF52-4FD0-B3AD-D5F45717FEFD}
	EndGlobalSection
EndGlobal
